{
  "version": 4,
  "terraform_version": "1.4.6",
  "serial": 1,
  "lineage": "fc10a001-a23e-19ec-23a8-811cdf3a27f1",
  "outputs": {},
  "resources": [
    {
      "mode": "managed",
      "type": "local_file",
      "name": "test",
      "provider": "provider[\"registry.terraform.io/hashicorp/local\"]",
      "instances": [
        {
          "schema_version": 0,
          "attributes": {
            "content": "This is my first file in terraform",
            "content_base64": null,
            "content_base64sha256": "ylNqMjXa0oSTDOhheljOtjY7xItypavltZFj5wc3UCs=",
            "content_base64sha512": "p5zJpx3s1m/b54RfSxE4IaqHBpzLljWg6mtKWtLHG/e8D5zbLfG4C+2w0SrPX5WLggY5mFg1ilw0YW4piSjY7A==",
            "content_md5": "fcde393af600f9e5b07496e2733481bb",
            "content_sha1": "6bd3e0879f477f6ff246692adf14538514d787fd",
            "content_sha256": "ca536a3235dad284930ce8617a58ceb6363bc48b72a5abe5b59163e70737502b",
            "content_sha512": "a79cc9a71decd66fdbe7845f4b113821aa87069ccb9635a0ea6b4a5ad2c71bf7bc0f9cdb2df1b80bedb0d12acf5f958b8206399858358a5c34616e298928d8ec",
            "directory_permission": "0777",
            "file_permission": "0777",
            "filename": "/Users/dheerajjoria/Desktop/2023-DevOps/test",
            "id": "6bd3e0879f477f6ff246692adf14538514d787fd",
            "sensitive_content": null,
            "source": null
          },
          "sensitive_attributes": []
        }
      ]
    }
  ],
  "check_results": null
}
